
Microsoft Visual Studio Solution File, Format Version 12.00
# Visual Studio 15
VisualStudioVersion = 15.0.27703.2047
MinimumVisualStudioVersion = 10.0.40219.1
Project("{FAE04EC0-301F-11D3-BF4B-00C04F79EFBC}") = "CentralitaPolimorfismo", "CentralitaPolimorfismo\CentralitaPolimorfismo.csproj", "{41A37B81-29A2-4166-B5FA-34AC70FB9134}"
EndProject
Project("{FAE04EC0-301F-11D3-BF4B-00C04F79EFBC}") = "Central.Entidades", "Central.Entidades\Central.Entidades.csproj", "{2EF68C1A-512F-42A1-A6CE-62C26B53FECA}"
EndProject
Global
	GlobalSection(SolutionConfigurationPlatforms) = preSolution
		Debug|Any CPU = Debug|Any CPU
		Release|Any CPU = Release|Any CPU
	EndGlobalSection
	GlobalSection(ProjectConfigurationPlatforms) = postSolution
		{41A37B81-29A2-4166-B5FA-34AC70FB9134}.Debug|Any CPU.ActiveCfg = Debug|Any CPU
		{41A37B81-29A2-4166-B5FA-34AC70FB9134}.Debug|Any CPU.Build.0 = Debug|Any CPU
		{41A37B81-29A2-4166-B5FA-34AC70FB9134}.Release|Any CPU.ActiveCfg = Release|Any CPU
		{41A37B81-29A2-4166-B5FA-34AC70FB9134}.Release|Any CPU.Build.0 = Release|Any CPU
		{2EF68C1A-512F-42A1-A6CE-62C26B53FECA}.Debug|Any CPU.ActiveCfg = Debug|Any CPU
		{2EF68C1A-512F-42A1-A6CE-62C26B53FECA}.Debug|Any CPU.Build.0 = Debug|Any CPU
		{2EF68C1A-512F-42A1-A6CE-62C26B53FECA}.Release|Any CPU.ActiveCfg = Release|Any CPU
		{2EF68C1A-512F-42A1-A6CE-62C26B53FECA}.Release|Any CPU.Build.0 = Release|Any CPU
	EndGlobalSection
	GlobalSection(SolutionProperties) = preSolution
		HideSolutionNode = FALSE
	EndGlobalSection
	GlobalSection(ExtensibilityGlobals) = postSolution
		SolutionGuid = {A3314296-784A-4A4A-86EC-64F020AF7381}
	EndGlobalSection
EndGlobal
