
Microsoft Visual Studio Solution File, Format Version 12.00
# Visual Studio Version 16
VisualStudioVersion = 16.0.29215.179
MinimumVisualStudioVersion = 10.0.40219.1
Project("{FAE04EC0-301F-11D3-BF4B-00C04F79EFBC}") = "Ejercicio_01", "Ejercicio_01\Ejercicio_01.csproj", "{23DC47B4-0902-4763-BFAC-9C37C14209D1}"
EndProject
Project("{FAE04EC0-301F-11D3-BF4B-00C04F79EFBC}") = "Ejercicio_02", "Ejercicio_02\Ejercicio_02.csproj", "{8E3876C9-3974-46FE-B657-726931F2E208}"
EndProject
Project("{FAE04EC0-301F-11D3-BF4B-00C04F79EFBC}") = "Ejercicio_03", "Ejercicio_03\Ejercicio_03.csproj", "{20380AC9-6375-41FB-AC6E-AA8C9B8B6229}"
EndProject
Project("{FAE04EC0-301F-11D3-BF4B-00C04F79EFBC}") = "Ejercicio_04", "Ejercicio_04\Ejercicio_04.csproj", "{99832CE8-161E-4072-BF12-9DB0447C0B2F}"
EndProject
Project("{FAE04EC0-301F-11D3-BF4B-00C04F79EFBC}") = "Ejercicio_05", "Ejercicio_05\Ejercicio_05.csproj", "{762D20AC-9AD5-4022-9F1B-BC3A4D6B45F5}"
EndProject
Project("{FAE04EC0-301F-11D3-BF4B-00C04F79EFBC}") = "Ejercicio_06", "Ejercicio_06\Ejercicio_06.csproj", "{7E5FCC98-5037-47BC-90E9-ECF669901470}"
EndProject
Project("{FAE04EC0-301F-11D3-BF4B-00C04F79EFBC}") = "Ejercicio_09", "Ejercicio_09\Ejercicio_09.csproj", "{18535B5B-C73E-4FB7-8D3A-C02799F0A052}"
EndProject
Project("{FAE04EC0-301F-11D3-BF4B-00C04F79EFBC}") = "Ejercicio_07", "Ejercicio_07\Ejercicio_07.csproj", "{3B32A114-32EC-4839-8AE0-B2CA9BF1A401}"
EndProject
Project("{FAE04EC0-301F-11D3-BF4B-00C04F79EFBC}") = "Ejercicio_08", "Ejercicio_08\Ejercicio_08.csproj", "{CEDB3EC1-D8C9-4193-B9BA-E07CC71CB7EB}"
EndProject
Project("{FAE04EC0-301F-11D3-BF4B-00C04F79EFBC}") = "Ejercicio_10", "Ejercicio_10\Ejercicio_10.csproj", "{27F715EC-21D3-44E2-998A-D3469E179F76}"
EndProject
Project("{FAE04EC0-301F-11D3-BF4B-00C04F79EFBC}") = "Clase_02", "Clase_02\Clase_02.csproj", "{23FE5326-BD36-4257-8C22-6E517B630DDF}"
EndProject
Project("{FAE04EC0-301F-11D3-BF4B-00C04F79EFBC}") = "MiLibreria", "MiLibreria\MiLibreria.csproj", "{8F4F6A49-0082-40B3-83E9-FC444CB46DFA}"
EndProject
Project("{FAE04EC0-301F-11D3-BF4B-00C04F79EFBC}") = "Ejercicio_11", "Ejercicio_11\Ejercicio_11.csproj", "{8BA6746B-DE21-4F7A-AB89-6191F1047F71}"
EndProject
Project("{FAE04EC0-301F-11D3-BF4B-00C04F79EFBC}") = "Ejercicio_12", "Ejercicio_12\Ejercicio_12.csproj", "{20C64750-3A1D-43D8-96D4-9E87D1DEE445}"
EndProject
Project("{FAE04EC0-301F-11D3-BF4B-00C04F79EFBC}") = "Ejercicio_13", "Ejercicio_13\Ejercicio_13.csproj", "{30EEE269-337B-4927-A836-642876E33DF3}"
EndProject
Project("{FAE04EC0-301F-11D3-BF4B-00C04F79EFBC}") = "Ejercicio_14", "Ejercicio_14\Ejercicio_14.csproj", "{565DC0D2-46AC-46A3-B0AF-B1AC1A5D7B89}"
EndProject
Project("{FAE04EC0-301F-11D3-BF4B-00C04F79EFBC}") = "Ejercicio_15", "Ejercicio_15\Ejercicio_15.csproj", "{59D231D3-7E51-465A-BC7A-9C61413FCFA9}"
EndProject
Project("{FAE04EC0-301F-11D3-BF4B-00C04F79EFBC}") = "Clase_03", "Clase_03\Clase_03.csproj", "{1A9F896D-D45D-410F-BC0B-D0F35C5C3224}"
EndProject
Project("{FAE04EC0-301F-11D3-BF4B-00C04F79EFBC}") = "Ejercicio_16", "Ejercicio_16\Ejercicio_16.csproj", "{B6200B86-A7BA-49B7-BD82-F2399BDB4164}"
EndProject
Project("{FAE04EC0-301F-11D3-BF4B-00C04F79EFBC}") = "Ejercicio_17", "Ejercicio_17\Ejercicio_17.csproj", "{4A1BBF01-E3C2-4BAF-8C1D-C9DC560AB5A0}"
EndProject
Project("{FAE04EC0-301F-11D3-BF4B-00C04F79EFBC}") = "Ejercicio_18", "Ejercicio_18\Ejercicio_18.csproj", "{A4FB968B-84EB-4F09-BB67-6B47B1227E57}"
EndProject
Project("{FAE04EC0-301F-11D3-BF4B-00C04F79EFBC}") = "Ejercicio_19", "Ejercicio_19\Ejercicio_19.csproj", "{9FB4BAAF-5D29-4124-B7C6-14BBCA36C581}"
EndProject
Project("{FAE04EC0-301F-11D3-BF4B-00C04F79EFBC}") = "Ejercicio_20", "Ejercicio_20\Ejercicio_20.csproj", "{28943737-553A-4728-93E2-B7A21537984E}"
EndProject
Project("{FAE04EC0-301F-11D3-BF4B-00C04F79EFBC}") = "Clase_05", "Clase_05\Clase_05.csproj", "{F0FD391C-1B3A-4D71-A4BB-7DF421C5580B}"
EndProject
Project("{FAE04EC0-301F-11D3-BF4B-00C04F79EFBC}") = "Clase_05.Entidades", "Clase_05.Entidades\Clase_05.Entidades.csproj", "{FDF13861-4089-42ED-BD38-DA613B9EDDC5}"
EndProject
Project("{FAE04EC0-301F-11D3-BF4B-00C04F79EFBC}") = "Clase_06.Entidades", "Clase_06.Entidades\Clase_06.Entidades.csproj", "{C317B669-AF0A-4EDA-A9E0-1CC9AC206D32}"
EndProject
Project("{FAE04EC0-301F-11D3-BF4B-00C04F79EFBC}") = "Clase_06", "Clase_06\Clase_06.csproj", "{A5A33271-2583-4C37-92DC-2D00FB113AFB}"
EndProject
Project("{FAE04EC0-301F-11D3-BF4B-00C04F79EFBC}") = "Clase_06.WF", "Clase_06.WF\Clase_06.WF.csproj", "{1125A1F3-4089-4B38-A9AA-779C4F09C87A}"
EndProject
Project("{FAE04EC0-301F-11D3-BF4B-00C04F79EFBC}") = "Ejercicio_26", "Ejercicio_26\Ejercicio_26.csproj", "{19144556-FE85-4F33-A97B-5697C26B05F8}"
EndProject
Project("{9A19103F-16F7-4668-BE54-9A1E7A4F7556}") = "Clase_08.Entidades", "Clase_08.Entidades\Clase_08.Entidades.csproj", "{53D8B103-3EA4-4B60-B6D2-E2F919B44983}"
EndProject
Project("{FAE04EC0-301F-11D3-BF4B-00C04F79EFBC}") = "Clase_08", "Clase_08\Clase_08.csproj", "{FDB968B7-C88F-4DED-9840-545446BEC29D}"
EndProject
Project("{FAE04EC0-301F-11D3-BF4B-00C04F79EFBC}") = "Clase_02.Entidades", "Clase_02.Entidades\Clase_02.Entidades.csproj", "{5CF74567-3E40-4C94-B70E-77CE879FCBC6}"
EndProject
Project("{FAE04EC0-301F-11D3-BF4B-00C04F79EFBC}") = "Clase_09.Entidades", "Clase_09.Entidades\Clase_09.Entidades.csproj", "{67EF83AD-C65B-4623-B6B5-E51D2F7C830D}"
EndProject
Project("{FAE04EC0-301F-11D3-BF4B-00C04F79EFBC}") = "Clase_09.WF", "Clase_09.WF\Clase_09.WF.csproj", "{BE2C4584-89D9-4CA4-94A3-69BC4255B69C}"
EndProject
Project("{FAE04EC0-301F-11D3-BF4B-00C04F79EFBC}") = "Archivos.WF", "Archivos.WF\Archivos.WF.csproj", "{A8E2F1B6-F7BB-49BC-A0D5-0508B09D72CC}"
EndProject
Project("{FAE04EC0-301F-11D3-BF4B-00C04F79EFBC}") = "Clase_16.Entidades", "Clase_16.Entidades\Clase_16.Entidades.csproj", "{B1B12A54-FA0C-40E7-941E-E904B16B2D32}"
EndProject
Project("{FAE04EC0-301F-11D3-BF4B-00C04F79EFBC}") = "Clase_16", "Clase_16\Clase_16.csproj", "{E68AE60D-DFC1-40F8-A7EA-748230401230}"
EndProject
Project("{FAE04EC0-301F-11D3-BF4B-00C04F79EFBC}") = "Ejercicio_48", "Ejercicio_48\Ejercicio_48.csproj", "{3FC3FAC9-E33D-4AB6-91EB-7DB8C3A01388}"
EndProject
Project("{FAE04EC0-301F-11D3-BF4B-00C04F79EFBC}") = "Clase_17.Entidades", "Clase_17.Entidades\Clase_17.Entidades.csproj", "{0DA9BC97-8103-4DBA-AD80-05A7B541DAC2}"
EndProject
Global
	GlobalSection(SolutionConfigurationPlatforms) = preSolution
		Debug|Any CPU = Debug|Any CPU
		Release|Any CPU = Release|Any CPU
	EndGlobalSection
	GlobalSection(ProjectConfigurationPlatforms) = postSolution
		{23DC47B4-0902-4763-BFAC-9C37C14209D1}.Debug|Any CPU.ActiveCfg = Debug|Any CPU
		{23DC47B4-0902-4763-BFAC-9C37C14209D1}.Debug|Any CPU.Build.0 = Debug|Any CPU
		{23DC47B4-0902-4763-BFAC-9C37C14209D1}.Release|Any CPU.ActiveCfg = Release|Any CPU
		{23DC47B4-0902-4763-BFAC-9C37C14209D1}.Release|Any CPU.Build.0 = Release|Any CPU
		{8E3876C9-3974-46FE-B657-726931F2E208}.Debug|Any CPU.ActiveCfg = Debug|Any CPU
		{8E3876C9-3974-46FE-B657-726931F2E208}.Debug|Any CPU.Build.0 = Debug|Any CPU
		{8E3876C9-3974-46FE-B657-726931F2E208}.Release|Any CPU.ActiveCfg = Release|Any CPU
		{8E3876C9-3974-46FE-B657-726931F2E208}.Release|Any CPU.Build.0 = Release|Any CPU
		{20380AC9-6375-41FB-AC6E-AA8C9B8B6229}.Debug|Any CPU.ActiveCfg = Debug|Any CPU
		{20380AC9-6375-41FB-AC6E-AA8C9B8B6229}.Debug|Any CPU.Build.0 = Debug|Any CPU
		{20380AC9-6375-41FB-AC6E-AA8C9B8B6229}.Release|Any CPU.ActiveCfg = Release|Any CPU
		{20380AC9-6375-41FB-AC6E-AA8C9B8B6229}.Release|Any CPU.Build.0 = Release|Any CPU
		{99832CE8-161E-4072-BF12-9DB0447C0B2F}.Debug|Any CPU.ActiveCfg = Debug|Any CPU
		{99832CE8-161E-4072-BF12-9DB0447C0B2F}.Debug|Any CPU.Build.0 = Debug|Any CPU
		{99832CE8-161E-4072-BF12-9DB0447C0B2F}.Release|Any CPU.ActiveCfg = Release|Any CPU
		{99832CE8-161E-4072-BF12-9DB0447C0B2F}.Release|Any CPU.Build.0 = Release|Any CPU
		{762D20AC-9AD5-4022-9F1B-BC3A4D6B45F5}.Debug|Any CPU.ActiveCfg = Debug|Any CPU
		{762D20AC-9AD5-4022-9F1B-BC3A4D6B45F5}.Debug|Any CPU.Build.0 = Debug|Any CPU
		{762D20AC-9AD5-4022-9F1B-BC3A4D6B45F5}.Release|Any CPU.ActiveCfg = Release|Any CPU
		{762D20AC-9AD5-4022-9F1B-BC3A4D6B45F5}.Release|Any CPU.Build.0 = Release|Any CPU
		{7E5FCC98-5037-47BC-90E9-ECF669901470}.Debug|Any CPU.ActiveCfg = Debug|Any CPU
		{7E5FCC98-5037-47BC-90E9-ECF669901470}.Debug|Any CPU.Build.0 = Debug|Any CPU
		{7E5FCC98-5037-47BC-90E9-ECF669901470}.Release|Any CPU.ActiveCfg = Release|Any CPU
		{7E5FCC98-5037-47BC-90E9-ECF669901470}.Release|Any CPU.Build.0 = Release|Any CPU
		{18535B5B-C73E-4FB7-8D3A-C02799F0A052}.Debug|Any CPU.ActiveCfg = Debug|Any CPU
		{18535B5B-C73E-4FB7-8D3A-C02799F0A052}.Debug|Any CPU.Build.0 = Debug|Any CPU
		{18535B5B-C73E-4FB7-8D3A-C02799F0A052}.Release|Any CPU.ActiveCfg = Release|Any CPU
		{18535B5B-C73E-4FB7-8D3A-C02799F0A052}.Release|Any CPU.Build.0 = Release|Any CPU
		{3B32A114-32EC-4839-8AE0-B2CA9BF1A401}.Debug|Any CPU.ActiveCfg = Debug|Any CPU
		{3B32A114-32EC-4839-8AE0-B2CA9BF1A401}.Debug|Any CPU.Build.0 = Debug|Any CPU
		{3B32A114-32EC-4839-8AE0-B2CA9BF1A401}.Release|Any CPU.ActiveCfg = Release|Any CPU
		{3B32A114-32EC-4839-8AE0-B2CA9BF1A401}.Release|Any CPU.Build.0 = Release|Any CPU
		{CEDB3EC1-D8C9-4193-B9BA-E07CC71CB7EB}.Debug|Any CPU.ActiveCfg = Debug|Any CPU
		{CEDB3EC1-D8C9-4193-B9BA-E07CC71CB7EB}.Debug|Any CPU.Build.0 = Debug|Any CPU
		{CEDB3EC1-D8C9-4193-B9BA-E07CC71CB7EB}.Release|Any CPU.ActiveCfg = Release|Any CPU
		{CEDB3EC1-D8C9-4193-B9BA-E07CC71CB7EB}.Release|Any CPU.Build.0 = Release|Any CPU
		{27F715EC-21D3-44E2-998A-D3469E179F76}.Debug|Any CPU.ActiveCfg = Debug|Any CPU
		{27F715EC-21D3-44E2-998A-D3469E179F76}.Debug|Any CPU.Build.0 = Debug|Any CPU
		{27F715EC-21D3-44E2-998A-D3469E179F76}.Release|Any CPU.ActiveCfg = Release|Any CPU
		{27F715EC-21D3-44E2-998A-D3469E179F76}.Release|Any CPU.Build.0 = Release|Any CPU
		{23FE5326-BD36-4257-8C22-6E517B630DDF}.Debug|Any CPU.ActiveCfg = Debug|Any CPU
		{23FE5326-BD36-4257-8C22-6E517B630DDF}.Debug|Any CPU.Build.0 = Debug|Any CPU
		{23FE5326-BD36-4257-8C22-6E517B630DDF}.Release|Any CPU.ActiveCfg = Release|Any CPU
		{23FE5326-BD36-4257-8C22-6E517B630DDF}.Release|Any CPU.Build.0 = Release|Any CPU
		{8F4F6A49-0082-40B3-83E9-FC444CB46DFA}.Debug|Any CPU.ActiveCfg = Debug|Any CPU
		{8F4F6A49-0082-40B3-83E9-FC444CB46DFA}.Debug|Any CPU.Build.0 = Debug|Any CPU
		{8F4F6A49-0082-40B3-83E9-FC444CB46DFA}.Release|Any CPU.ActiveCfg = Release|Any CPU
		{8F4F6A49-0082-40B3-83E9-FC444CB46DFA}.Release|Any CPU.Build.0 = Release|Any CPU
		{8BA6746B-DE21-4F7A-AB89-6191F1047F71}.Debug|Any CPU.ActiveCfg = Debug|Any CPU
		{8BA6746B-DE21-4F7A-AB89-6191F1047F71}.Debug|Any CPU.Build.0 = Debug|Any CPU
		{8BA6746B-DE21-4F7A-AB89-6191F1047F71}.Release|Any CPU.ActiveCfg = Release|Any CPU
		{8BA6746B-DE21-4F7A-AB89-6191F1047F71}.Release|Any CPU.Build.0 = Release|Any CPU
		{20C64750-3A1D-43D8-96D4-9E87D1DEE445}.Debug|Any CPU.ActiveCfg = Debug|Any CPU
		{20C64750-3A1D-43D8-96D4-9E87D1DEE445}.Debug|Any CPU.Build.0 = Debug|Any CPU
		{20C64750-3A1D-43D8-96D4-9E87D1DEE445}.Release|Any CPU.ActiveCfg = Release|Any CPU
		{20C64750-3A1D-43D8-96D4-9E87D1DEE445}.Release|Any CPU.Build.0 = Release|Any CPU
		{30EEE269-337B-4927-A836-642876E33DF3}.Debug|Any CPU.ActiveCfg = Debug|Any CPU
		{30EEE269-337B-4927-A836-642876E33DF3}.Debug|Any CPU.Build.0 = Debug|Any CPU
		{30EEE269-337B-4927-A836-642876E33DF3}.Release|Any CPU.ActiveCfg = Release|Any CPU
		{30EEE269-337B-4927-A836-642876E33DF3}.Release|Any CPU.Build.0 = Release|Any CPU
		{565DC0D2-46AC-46A3-B0AF-B1AC1A5D7B89}.Debug|Any CPU.ActiveCfg = Debug|Any CPU
		{565DC0D2-46AC-46A3-B0AF-B1AC1A5D7B89}.Debug|Any CPU.Build.0 = Debug|Any CPU
		{565DC0D2-46AC-46A3-B0AF-B1AC1A5D7B89}.Release|Any CPU.ActiveCfg = Release|Any CPU
		{565DC0D2-46AC-46A3-B0AF-B1AC1A5D7B89}.Release|Any CPU.Build.0 = Release|Any CPU
		{59D231D3-7E51-465A-BC7A-9C61413FCFA9}.Debug|Any CPU.ActiveCfg = Debug|Any CPU
		{59D231D3-7E51-465A-BC7A-9C61413FCFA9}.Debug|Any CPU.Build.0 = Debug|Any CPU
		{59D231D3-7E51-465A-BC7A-9C61413FCFA9}.Release|Any CPU.ActiveCfg = Release|Any CPU
		{59D231D3-7E51-465A-BC7A-9C61413FCFA9}.Release|Any CPU.Build.0 = Release|Any CPU
		{1A9F896D-D45D-410F-BC0B-D0F35C5C3224}.Debug|Any CPU.ActiveCfg = Debug|Any CPU
		{1A9F896D-D45D-410F-BC0B-D0F35C5C3224}.Debug|Any CPU.Build.0 = Debug|Any CPU
		{1A9F896D-D45D-410F-BC0B-D0F35C5C3224}.Release|Any CPU.ActiveCfg = Release|Any CPU
		{1A9F896D-D45D-410F-BC0B-D0F35C5C3224}.Release|Any CPU.Build.0 = Release|Any CPU
		{B6200B86-A7BA-49B7-BD82-F2399BDB4164}.Debug|Any CPU.ActiveCfg = Debug|Any CPU
		{B6200B86-A7BA-49B7-BD82-F2399BDB4164}.Debug|Any CPU.Build.0 = Debug|Any CPU
		{B6200B86-A7BA-49B7-BD82-F2399BDB4164}.Release|Any CPU.ActiveCfg = Release|Any CPU
		{B6200B86-A7BA-49B7-BD82-F2399BDB4164}.Release|Any CPU.Build.0 = Release|Any CPU
		{4A1BBF01-E3C2-4BAF-8C1D-C9DC560AB5A0}.Debug|Any CPU.ActiveCfg = Debug|Any CPU
		{4A1BBF01-E3C2-4BAF-8C1D-C9DC560AB5A0}.Debug|Any CPU.Build.0 = Debug|Any CPU
		{4A1BBF01-E3C2-4BAF-8C1D-C9DC560AB5A0}.Release|Any CPU.ActiveCfg = Release|Any CPU
		{4A1BBF01-E3C2-4BAF-8C1D-C9DC560AB5A0}.Release|Any CPU.Build.0 = Release|Any CPU
		{A4FB968B-84EB-4F09-BB67-6B47B1227E57}.Debug|Any CPU.ActiveCfg = Debug|Any CPU
		{A4FB968B-84EB-4F09-BB67-6B47B1227E57}.Debug|Any CPU.Build.0 = Debug|Any CPU
		{A4FB968B-84EB-4F09-BB67-6B47B1227E57}.Release|Any CPU.ActiveCfg = Release|Any CPU
		{A4FB968B-84EB-4F09-BB67-6B47B1227E57}.Release|Any CPU.Build.0 = Release|Any CPU
		{9FB4BAAF-5D29-4124-B7C6-14BBCA36C581}.Debug|Any CPU.ActiveCfg = Debug|Any CPU
		{9FB4BAAF-5D29-4124-B7C6-14BBCA36C581}.Debug|Any CPU.Build.0 = Debug|Any CPU
		{9FB4BAAF-5D29-4124-B7C6-14BBCA36C581}.Release|Any CPU.ActiveCfg = Release|Any CPU
		{9FB4BAAF-5D29-4124-B7C6-14BBCA36C581}.Release|Any CPU.Build.0 = Release|Any CPU
		{28943737-553A-4728-93E2-B7A21537984E}.Debug|Any CPU.ActiveCfg = Debug|Any CPU
		{28943737-553A-4728-93E2-B7A21537984E}.Debug|Any CPU.Build.0 = Debug|Any CPU
		{28943737-553A-4728-93E2-B7A21537984E}.Release|Any CPU.ActiveCfg = Release|Any CPU
		{28943737-553A-4728-93E2-B7A21537984E}.Release|Any CPU.Build.0 = Release|Any CPU
		{F0FD391C-1B3A-4D71-A4BB-7DF421C5580B}.Debug|Any CPU.ActiveCfg = Debug|Any CPU
		{F0FD391C-1B3A-4D71-A4BB-7DF421C5580B}.Debug|Any CPU.Build.0 = Debug|Any CPU
		{F0FD391C-1B3A-4D71-A4BB-7DF421C5580B}.Release|Any CPU.ActiveCfg = Release|Any CPU
		{F0FD391C-1B3A-4D71-A4BB-7DF421C5580B}.Release|Any CPU.Build.0 = Release|Any CPU
		{FDF13861-4089-42ED-BD38-DA613B9EDDC5}.Debug|Any CPU.ActiveCfg = Debug|Any CPU
		{FDF13861-4089-42ED-BD38-DA613B9EDDC5}.Debug|Any CPU.Build.0 = Debug|Any CPU
		{FDF13861-4089-42ED-BD38-DA613B9EDDC5}.Release|Any CPU.ActiveCfg = Release|Any CPU
		{FDF13861-4089-42ED-BD38-DA613B9EDDC5}.Release|Any CPU.Build.0 = Release|Any CPU
		{C317B669-AF0A-4EDA-A9E0-1CC9AC206D32}.Debug|Any CPU.ActiveCfg = Debug|Any CPU
		{C317B669-AF0A-4EDA-A9E0-1CC9AC206D32}.Debug|Any CPU.Build.0 = Debug|Any CPU
		{C317B669-AF0A-4EDA-A9E0-1CC9AC206D32}.Release|Any CPU.ActiveCfg = Release|Any CPU
		{C317B669-AF0A-4EDA-A9E0-1CC9AC206D32}.Release|Any CPU.Build.0 = Release|Any CPU
		{A5A33271-2583-4C37-92DC-2D00FB113AFB}.Debug|Any CPU.ActiveCfg = Debug|Any CPU
		{A5A33271-2583-4C37-92DC-2D00FB113AFB}.Debug|Any CPU.Build.0 = Debug|Any CPU
		{A5A33271-2583-4C37-92DC-2D00FB113AFB}.Release|Any CPU.ActiveCfg = Release|Any CPU
		{A5A33271-2583-4C37-92DC-2D00FB113AFB}.Release|Any CPU.Build.0 = Release|Any CPU
		{1125A1F3-4089-4B38-A9AA-779C4F09C87A}.Debug|Any CPU.ActiveCfg = Debug|Any CPU
		{1125A1F3-4089-4B38-A9AA-779C4F09C87A}.Debug|Any CPU.Build.0 = Debug|Any CPU
		{1125A1F3-4089-4B38-A9AA-779C4F09C87A}.Release|Any CPU.ActiveCfg = Release|Any CPU
		{1125A1F3-4089-4B38-A9AA-779C4F09C87A}.Release|Any CPU.Build.0 = Release|Any CPU
		{19144556-FE85-4F33-A97B-5697C26B05F8}.Debug|Any CPU.ActiveCfg = Debug|Any CPU
		{19144556-FE85-4F33-A97B-5697C26B05F8}.Debug|Any CPU.Build.0 = Debug|Any CPU
		{19144556-FE85-4F33-A97B-5697C26B05F8}.Release|Any CPU.ActiveCfg = Release|Any CPU
		{19144556-FE85-4F33-A97B-5697C26B05F8}.Release|Any CPU.Build.0 = Release|Any CPU
		{53D8B103-3EA4-4B60-B6D2-E2F919B44983}.Debug|Any CPU.ActiveCfg = Debug|Any CPU
		{53D8B103-3EA4-4B60-B6D2-E2F919B44983}.Debug|Any CPU.Build.0 = Debug|Any CPU
		{53D8B103-3EA4-4B60-B6D2-E2F919B44983}.Release|Any CPU.ActiveCfg = Release|Any CPU
		{53D8B103-3EA4-4B60-B6D2-E2F919B44983}.Release|Any CPU.Build.0 = Release|Any CPU
		{FDB968B7-C88F-4DED-9840-545446BEC29D}.Debug|Any CPU.ActiveCfg = Debug|Any CPU
		{FDB968B7-C88F-4DED-9840-545446BEC29D}.Debug|Any CPU.Build.0 = Debug|Any CPU
		{FDB968B7-C88F-4DED-9840-545446BEC29D}.Release|Any CPU.ActiveCfg = Release|Any CPU
		{FDB968B7-C88F-4DED-9840-545446BEC29D}.Release|Any CPU.Build.0 = Release|Any CPU
		{5CF74567-3E40-4C94-B70E-77CE879FCBC6}.Debug|Any CPU.ActiveCfg = Debug|Any CPU
		{5CF74567-3E40-4C94-B70E-77CE879FCBC6}.Debug|Any CPU.Build.0 = Debug|Any CPU
		{5CF74567-3E40-4C94-B70E-77CE879FCBC6}.Release|Any CPU.ActiveCfg = Release|Any CPU
		{5CF74567-3E40-4C94-B70E-77CE879FCBC6}.Release|Any CPU.Build.0 = Release|Any CPU
		{67EF83AD-C65B-4623-B6B5-E51D2F7C830D}.Debug|Any CPU.ActiveCfg = Debug|Any CPU
		{67EF83AD-C65B-4623-B6B5-E51D2F7C830D}.Debug|Any CPU.Build.0 = Debug|Any CPU
		{67EF83AD-C65B-4623-B6B5-E51D2F7C830D}.Release|Any CPU.ActiveCfg = Release|Any CPU
		{67EF83AD-C65B-4623-B6B5-E51D2F7C830D}.Release|Any CPU.Build.0 = Release|Any CPU
		{BE2C4584-89D9-4CA4-94A3-69BC4255B69C}.Debug|Any CPU.ActiveCfg = Debug|Any CPU
		{BE2C4584-89D9-4CA4-94A3-69BC4255B69C}.Debug|Any CPU.Build.0 = Debug|Any CPU
		{BE2C4584-89D9-4CA4-94A3-69BC4255B69C}.Release|Any CPU.ActiveCfg = Release|Any CPU
		{BE2C4584-89D9-4CA4-94A3-69BC4255B69C}.Release|Any CPU.Build.0 = Release|Any CPU
		{A8E2F1B6-F7BB-49BC-A0D5-0508B09D72CC}.Debug|Any CPU.ActiveCfg = Debug|Any CPU
		{A8E2F1B6-F7BB-49BC-A0D5-0508B09D72CC}.Debug|Any CPU.Build.0 = Debug|Any CPU
		{A8E2F1B6-F7BB-49BC-A0D5-0508B09D72CC}.Release|Any CPU.ActiveCfg = Release|Any CPU
		{A8E2F1B6-F7BB-49BC-A0D5-0508B09D72CC}.Release|Any CPU.Build.0 = Release|Any CPU
		{B1B12A54-FA0C-40E7-941E-E904B16B2D32}.Debug|Any CPU.ActiveCfg = Debug|Any CPU
		{B1B12A54-FA0C-40E7-941E-E904B16B2D32}.Debug|Any CPU.Build.0 = Debug|Any CPU
		{B1B12A54-FA0C-40E7-941E-E904B16B2D32}.Release|Any CPU.ActiveCfg = Release|Any CPU
		{B1B12A54-FA0C-40E7-941E-E904B16B2D32}.Release|Any CPU.Build.0 = Release|Any CPU
		{E68AE60D-DFC1-40F8-A7EA-748230401230}.Debug|Any CPU.ActiveCfg = Debug|Any CPU
		{E68AE60D-DFC1-40F8-A7EA-748230401230}.Debug|Any CPU.Build.0 = Debug|Any CPU
		{E68AE60D-DFC1-40F8-A7EA-748230401230}.Release|Any CPU.ActiveCfg = Release|Any CPU
		{E68AE60D-DFC1-40F8-A7EA-748230401230}.Release|Any CPU.Build.0 = Release|Any CPU
		{3FC3FAC9-E33D-4AB6-91EB-7DB8C3A01388}.Debug|Any CPU.ActiveCfg = Debug|Any CPU
		{3FC3FAC9-E33D-4AB6-91EB-7DB8C3A01388}.Debug|Any CPU.Build.0 = Debug|Any CPU
		{3FC3FAC9-E33D-4AB6-91EB-7DB8C3A01388}.Release|Any CPU.ActiveCfg = Release|Any CPU
		{3FC3FAC9-E33D-4AB6-91EB-7DB8C3A01388}.Release|Any CPU.Build.0 = Release|Any CPU
		{0DA9BC97-8103-4DBA-AD80-05A7B541DAC2}.Debug|Any CPU.ActiveCfg = Debug|Any CPU
		{0DA9BC97-8103-4DBA-AD80-05A7B541DAC2}.Debug|Any CPU.Build.0 = Debug|Any CPU
		{0DA9BC97-8103-4DBA-AD80-05A7B541DAC2}.Release|Any CPU.ActiveCfg = Release|Any CPU
		{0DA9BC97-8103-4DBA-AD80-05A7B541DAC2}.Release|Any CPU.Build.0 = Release|Any CPU
	EndGlobalSection
	GlobalSection(SolutionProperties) = preSolution
		HideSolutionNode = FALSE
	EndGlobalSection
	GlobalSection(ExtensibilityGlobals) = postSolution
		SolutionGuid = {082CE65F-1FCC-4C12-990A-FC44DCBC5C4B}
	EndGlobalSection
EndGlobal
